# This file is automatically @generated by Cargo.
# It is not intended for manual editing.
version = 3

[[package]]
name = "byteorder"
version = "1.5.0"
source = "registry+https://github.com/rust-lang/crates.io-index"
checksum = "1fd0f2584146f6f2ef48085050886acf353beff7305ebd1ae69500e27c67f64b"

[[package]]
name = "gv_video"
version = "0.1.7"
dependencies = [
 "byteorder",
 "lz4_flex",
 "texture2ddecoder",
]

[[package]]
name = "lz4_flex"
version = "0.11.3"
source = "registry+https://github.com/rust-lang/crates.io-index"
checksum = "75761162ae2b0e580d7e7c390558127e5f01b4194debd6221fd8c207fc80e3f5"

[[package]]
name = "paste"
version = "1.0.14"
source = "registry+https://github.com/rust-lang/crates.io-index"
checksum = "de3145af08024dea9fa9914f381a17b8fc6034dfb00f3a84013f7ff43f29ed4c"

[[package]]
name = "texture2ddecoder"
version = "0.0.6"
source = "git+https://github.com/autergame/texture2ddecoder?rev=6a5e8ea#6a5e8eaa8a146a0ed117fc245ebfbefa06abe8a5"
dependencies = [
 "paste",
]
